
Microsoft Visual Studio Solution File, Format Version 12.00
# Visual Studio 14
VisualStudioVersion = 14.0.25420.1
MinimumVisualStudioVersion = 10.0.40219.1
Project("{8BC9CEB8-8B4A-11D0-8D11-00A0C91BC942}") = "SQLiteTest", "Win32Project2\Win32Project2.vcxproj", "{2B032A29-E611-42A2-99E4-84ACC4647A8D}"
	ProjectSection(ProjectDependencies) = postProject
		{60CDC470-1E9A-4047-8924-D56A48A3A336} = {60CDC470-1E9A-4047-8924-D56A48A3A336}
	EndProjectSection
EndProject
Project("{8BC9CEB8-8B4A-11D0-8D11-00A0C91BC942}") = "databaselayer_sqlite", "Win32Project2\databaselayer\build\databaselayer_databaselayer_sqlite.vcxproj", "{60CDC470-1E9A-4047-8924-D56A48A3A336}"
EndProject
Global
	GlobalSection(SolutionConfigurationPlatforms) = preSolution
		Debug|x64 = Debug|x64
		Debug|x86 = Debug|x86
		DLL ANSI Debug Monolithic|x64 = DLL ANSI Debug Monolithic|x64
		DLL ANSI Debug Monolithic|x86 = DLL ANSI Debug Monolithic|x86
		DLL ANSI Debug Multilib|x64 = DLL ANSI Debug Multilib|x64
		DLL ANSI Debug Multilib|x86 = DLL ANSI Debug Multilib|x86
		DLL ANSI Release Monolithic|x64 = DLL ANSI Release Monolithic|x64
		DLL ANSI Release Monolithic|x86 = DLL ANSI Release Monolithic|x86
		DLL ANSI Release Multilib|x64 = DLL ANSI Release Multilib|x64
		DLL ANSI Release Multilib|x86 = DLL ANSI Release Multilib|x86
		DLL Unicode Debug Monolithic|x64 = DLL Unicode Debug Monolithic|x64
		DLL Unicode Debug Monolithic|x86 = DLL Unicode Debug Monolithic|x86
		DLL Unicode Debug Multilib|x64 = DLL Unicode Debug Multilib|x64
		DLL Unicode Debug Multilib|x86 = DLL Unicode Debug Multilib|x86
		DLL Unicode Release Monolithic|x64 = DLL Unicode Release Monolithic|x64
		DLL Unicode Release Monolithic|x86 = DLL Unicode Release Monolithic|x86
		DLL Unicode Release Multilib|x64 = DLL Unicode Release Multilib|x64
		DLL Unicode Release Multilib|x86 = DLL Unicode Release Multilib|x86
		Release|x64 = Release|x64
		Release|x86 = Release|x86
		Static ANSI Debug Monolithic|x64 = Static ANSI Debug Monolithic|x64
		Static ANSI Debug Monolithic|x86 = Static ANSI Debug Monolithic|x86
		Static ANSI Debug Multilib|x64 = Static ANSI Debug Multilib|x64
		Static ANSI Debug Multilib|x86 = Static ANSI Debug Multilib|x86
		Static ANSI Release Monolithic|x64 = Static ANSI Release Monolithic|x64
		Static ANSI Release Monolithic|x86 = Static ANSI Release Monolithic|x86
		Static ANSI Release Multilib|x64 = Static ANSI Release Multilib|x64
		Static ANSI Release Multilib|x86 = Static ANSI Release Multilib|x86
		Static Unicode Debug Monolithic|x64 = Static Unicode Debug Monolithic|x64
		Static Unicode Debug Monolithic|x86 = Static Unicode Debug Monolithic|x86
		Static Unicode Debug Multilib|x64 = Static Unicode Debug Multilib|x64
		Static Unicode Debug Multilib|x86 = Static Unicode Debug Multilib|x86
		Static Unicode Release Monolithic|x64 = Static Unicode Release Monolithic|x64
		Static Unicode Release Monolithic|x86 = Static Unicode Release Monolithic|x86
		Static Unicode Release Multilib|x64 = Static Unicode Release Multilib|x64
		Static Unicode Release Multilib|x86 = Static Unicode Release Multilib|x86
	EndGlobalSection
	GlobalSection(ProjectConfigurationPlatforms) = postSolution
		{2B032A29-E611-42A2-99E4-84ACC4647A8D}.Debug|x64.ActiveCfg = Debug|x64
		{2B032A29-E611-42A2-99E4-84ACC4647A8D}.Debug|x64.Build.0 = Debug|x64
		{2B032A29-E611-42A2-99E4-84ACC4647A8D}.Debug|x86.ActiveCfg = Debug|Win32
		{2B032A29-E611-42A2-99E4-84ACC4647A8D}.Debug|x86.Build.0 = Debug|Win32
		{2B032A29-E611-42A2-99E4-84ACC4647A8D}.DLL ANSI Debug Monolithic|x64.ActiveCfg = Debug|x64
		{2B032A29-E611-42A2-99E4-84ACC4647A8D}.DLL ANSI Debug Monolithic|x64.Build.0 = Debug|x64
		{2B032A29-E611-42A2-99E4-84ACC4647A8D}.DLL ANSI Debug Monolithic|x86.ActiveCfg = Debug|Win32
		{2B032A29-E611-42A2-99E4-84ACC4647A8D}.DLL ANSI Debug Monolithic|x86.Build.0 = Debug|Win32
		{2B032A29-E611-42A2-99E4-84ACC4647A8D}.DLL ANSI Debug Multilib|x64.ActiveCfg = Debug|x64
		{2B032A29-E611-42A2-99E4-84ACC4647A8D}.DLL ANSI Debug Multilib|x64.Build.0 = Debug|x64
		{2B032A29-E611-42A2-99E4-84ACC4647A8D}.DLL ANSI Debug Multilib|x86.ActiveCfg = Debug|Win32
		{2B032A29-E611-42A2-99E4-84ACC4647A8D}.DLL ANSI Debug Multilib|x86.Build.0 = Debug|Win32
		{2B032A29-E611-42A2-99E4-84ACC4647A8D}.DLL ANSI Release Monolithic|x64.ActiveCfg = Release|x64
		{2B032A29-E611-42A2-99E4-84ACC4647A8D}.DLL ANSI Release Monolithic|x64.Build.0 = Release|x64
		{2B032A29-E611-42A2-99E4-84ACC4647A8D}.DLL ANSI Release Monolithic|x86.ActiveCfg = Release|Win32
		{2B032A29-E611-42A2-99E4-84ACC4647A8D}.DLL ANSI Release Monolithic|x86.Build.0 = Release|Win32
		{2B032A29-E611-42A2-99E4-84ACC4647A8D}.DLL ANSI Release Multilib|x64.ActiveCfg = Release|x64
		{2B032A29-E611-42A2-99E4-84ACC4647A8D}.DLL ANSI Release Multilib|x64.Build.0 = Release|x64
		{2B032A29-E611-42A2-99E4-84ACC4647A8D}.DLL ANSI Release Multilib|x86.ActiveCfg = Release|Win32
		{2B032A29-E611-42A2-99E4-84ACC4647A8D}.DLL ANSI Release Multilib|x86.Build.0 = Release|Win32
		{2B032A29-E611-42A2-99E4-84ACC4647A8D}.DLL Unicode Debug Monolithic|x64.ActiveCfg = Debug|x64
		{2B032A29-E611-42A2-99E4-84ACC4647A8D}.DLL Unicode Debug Monolithic|x64.Build.0 = Debug|x64
		{2B032A29-E611-42A2-99E4-84ACC4647A8D}.DLL Unicode Debug Monolithic|x86.ActiveCfg = Debug|Win32
		{2B032A29-E611-42A2-99E4-84ACC4647A8D}.DLL Unicode Debug Monolithic|x86.Build.0 = Debug|Win32
		{2B032A29-E611-42A2-99E4-84ACC4647A8D}.DLL Unicode Debug Multilib|x64.ActiveCfg = Debug|x64
		{2B032A29-E611-42A2-99E4-84ACC4647A8D}.DLL Unicode Debug Multilib|x64.Build.0 = Debug|x64
		{2B032A29-E611-42A2-99E4-84ACC4647A8D}.DLL Unicode Debug Multilib|x86.ActiveCfg = Debug|Win32
		{2B032A29-E611-42A2-99E4-84ACC4647A8D}.DLL Unicode Debug Multilib|x86.Build.0 = Debug|Win32
		{2B032A29-E611-42A2-99E4-84ACC4647A8D}.DLL Unicode Release Monolithic|x64.ActiveCfg = Release|x64
		{2B032A29-E611-42A2-99E4-84ACC4647A8D}.DLL Unicode Release Monolithic|x64.Build.0 = Release|x64
		{2B032A29-E611-42A2-99E4-84ACC4647A8D}.DLL Unicode Release Monolithic|x86.ActiveCfg = Release|Win32
		{2B032A29-E611-42A2-99E4-84ACC4647A8D}.DLL Unicode Release Monolithic|x86.Build.0 = Release|Win32
		{2B032A29-E611-42A2-99E4-84ACC4647A8D}.DLL Unicode Release Multilib|x64.ActiveCfg = Release|x64
		{2B032A29-E611-42A2-99E4-84ACC4647A8D}.DLL Unicode Release Multilib|x64.Build.0 = Release|x64
		{2B032A29-E611-42A2-99E4-84ACC4647A8D}.DLL Unicode Release Multilib|x86.ActiveCfg = Release|Win32
		{2B032A29-E611-42A2-99E4-84ACC4647A8D}.DLL Unicode Release Multilib|x86.Build.0 = Release|Win32
		{2B032A29-E611-42A2-99E4-84ACC4647A8D}.Release|x64.ActiveCfg = Release|x64
		{2B032A29-E611-42A2-99E4-84ACC4647A8D}.Release|x64.Build.0 = Release|x64
		{2B032A29-E611-42A2-99E4-84ACC4647A8D}.Release|x86.ActiveCfg = Debug|Win32
		{2B032A29-E611-42A2-99E4-84ACC4647A8D}.Release|x86.Build.0 = Debug|Win32
		{2B032A29-E611-42A2-99E4-84ACC4647A8D}.Static ANSI Debug Monolithic|x64.ActiveCfg = Debug|x64
		{2B032A29-E611-42A2-99E4-84ACC4647A8D}.Static ANSI Debug Monolithic|x64.Build.0 = Debug|x64
		{2B032A29-E611-42A2-99E4-84ACC4647A8D}.Static ANSI Debug Monolithic|x86.ActiveCfg = Debug|Win32
		{2B032A29-E611-42A2-99E4-84ACC4647A8D}.Static ANSI Debug Monolithic|x86.Build.0 = Debug|Win32
		{2B032A29-E611-42A2-99E4-84ACC4647A8D}.Static ANSI Debug Multilib|x64.ActiveCfg = Debug|x64
		{2B032A29-E611-42A2-99E4-84ACC4647A8D}.Static ANSI Debug Multilib|x64.Build.0 = Debug|x64
		{2B032A29-E611-42A2-99E4-84ACC4647A8D}.Static ANSI Debug Multilib|x86.ActiveCfg = Debug|Win32
		{2B032A29-E611-42A2-99E4-84ACC4647A8D}.Static ANSI Debug Multilib|x86.Build.0 = Debug|Win32
		{2B032A29-E611-42A2-99E4-84ACC4647A8D}.Static ANSI Release Monolithic|x64.ActiveCfg = Release|x64
		{2B032A29-E611-42A2-99E4-84ACC4647A8D}.Static ANSI Release Monolithic|x64.Build.0 = Release|x64
		{2B032A29-E611-42A2-99E4-84ACC4647A8D}.Static ANSI Release Monolithic|x86.ActiveCfg = Release|Win32
		{2B032A29-E611-42A2-99E4-84ACC4647A8D}.Static ANSI Release Monolithic|x86.Build.0 = Release|Win32
		{2B032A29-E611-42A2-99E4-84ACC4647A8D}.Static ANSI Release Multilib|x64.ActiveCfg = Release|x64
		{2B032A29-E611-42A2-99E4-84ACC4647A8D}.Static ANSI Release Multilib|x64.Build.0 = Release|x64
		{2B032A29-E611-42A2-99E4-84ACC4647A8D}.Static ANSI Release Multilib|x86.ActiveCfg = Release|Win32
		{2B032A29-E611-42A2-99E4-84ACC4647A8D}.Static ANSI Release Multilib|x86.Build.0 = Release|Win32
		{2B032A29-E611-42A2-99E4-84ACC4647A8D}.Static Unicode Debug Monolithic|x64.ActiveCfg = Debug|x64
		{2B032A29-E611-42A2-99E4-84ACC4647A8D}.Static Unicode Debug Monolithic|x64.Build.0 = Debug|x64
		{2B032A29-E611-42A2-99E4-84ACC4647A8D}.Static Unicode Debug Monolithic|x86.ActiveCfg = Debug|Win32
		{2B032A29-E611-42A2-99E4-84ACC4647A8D}.Static Unicode Debug Monolithic|x86.Build.0 = Debug|Win32
		{2B032A29-E611-42A2-99E4-84ACC4647A8D}.Static Unicode Debug Multilib|x64.ActiveCfg = Debug|x64
		{2B032A29-E611-42A2-99E4-84ACC4647A8D}.Static Unicode Debug Multilib|x64.Build.0 = Debug|x64
		{2B032A29-E611-42A2-99E4-84ACC4647A8D}.Static Unicode Debug Multilib|x86.ActiveCfg = Debug|Win32
		{2B032A29-E611-42A2-99E4-84ACC4647A8D}.Static Unicode Debug Multilib|x86.Build.0 = Debug|Win32
		{2B032A29-E611-42A2-99E4-84ACC4647A8D}.Static Unicode Release Monolithic|x64.ActiveCfg = Release|x64
		{2B032A29-E611-42A2-99E4-84ACC4647A8D}.Static Unicode Release Monolithic|x64.Build.0 = Release|x64
		{2B032A29-E611-42A2-99E4-84ACC4647A8D}.Static Unicode Release Monolithic|x86.ActiveCfg = Release|Win32
		{2B032A29-E611-42A2-99E4-84ACC4647A8D}.Static Unicode Release Monolithic|x86.Build.0 = Release|Win32
		{2B032A29-E611-42A2-99E4-84ACC4647A8D}.Static Unicode Release Multilib|x64.ActiveCfg = Release|x64
		{2B032A29-E611-42A2-99E4-84ACC4647A8D}.Static Unicode Release Multilib|x64.Build.0 = Release|x64
		{2B032A29-E611-42A2-99E4-84ACC4647A8D}.Static Unicode Release Multilib|x86.ActiveCfg = Release|Win32
		{2B032A29-E611-42A2-99E4-84ACC4647A8D}.Static Unicode Release Multilib|x86.Build.0 = Release|Win32
		{60CDC470-1E9A-4047-8924-D56A48A3A336}.Debug|x64.ActiveCfg = Static ANSI Release Monolithic|Win32
		{60CDC470-1E9A-4047-8924-D56A48A3A336}.Debug|x64.Build.0 = Static ANSI Release Monolithic|Win32
		{60CDC470-1E9A-4047-8924-D56A48A3A336}.Debug|x86.ActiveCfg = Static Unicode Debug Multilib|Win32
		{60CDC470-1E9A-4047-8924-D56A48A3A336}.Debug|x86.Build.0 = Static Unicode Debug Multilib|Win32
		{60CDC470-1E9A-4047-8924-D56A48A3A336}.DLL ANSI Debug Monolithic|x64.ActiveCfg = DLL ANSI Debug Monolithic|Win32
		{60CDC470-1E9A-4047-8924-D56A48A3A336}.DLL ANSI Debug Monolithic|x86.ActiveCfg = DLL ANSI Debug Monolithic|Win32
		{60CDC470-1E9A-4047-8924-D56A48A3A336}.DLL ANSI Debug Monolithic|x86.Build.0 = DLL ANSI Debug Monolithic|Win32
		{60CDC470-1E9A-4047-8924-D56A48A3A336}.DLL ANSI Debug Multilib|x64.ActiveCfg = DLL ANSI Debug Multilib|Win32
		{60CDC470-1E9A-4047-8924-D56A48A3A336}.DLL ANSI Debug Multilib|x86.ActiveCfg = DLL ANSI Debug Multilib|Win32
		{60CDC470-1E9A-4047-8924-D56A48A3A336}.DLL ANSI Debug Multilib|x86.Build.0 = DLL ANSI Debug Multilib|Win32
		{60CDC470-1E9A-4047-8924-D56A48A3A336}.DLL ANSI Release Monolithic|x64.ActiveCfg = DLL ANSI Release Monolithic|Win32
		{60CDC470-1E9A-4047-8924-D56A48A3A336}.DLL ANSI Release Monolithic|x86.ActiveCfg = DLL ANSI Release Monolithic|Win32
		{60CDC470-1E9A-4047-8924-D56A48A3A336}.DLL ANSI Release Monolithic|x86.Build.0 = DLL ANSI Release Monolithic|Win32
		{60CDC470-1E9A-4047-8924-D56A48A3A336}.DLL ANSI Release Multilib|x64.ActiveCfg = DLL ANSI Release Multilib|Win32
		{60CDC470-1E9A-4047-8924-D56A48A3A336}.DLL ANSI Release Multilib|x86.ActiveCfg = DLL ANSI Release Multilib|Win32
		{60CDC470-1E9A-4047-8924-D56A48A3A336}.DLL ANSI Release Multilib|x86.Build.0 = DLL ANSI Release Multilib|Win32
		{60CDC470-1E9A-4047-8924-D56A48A3A336}.DLL Unicode Debug Monolithic|x64.ActiveCfg = DLL Unicode Debug Monolithic|Win32
		{60CDC470-1E9A-4047-8924-D56A48A3A336}.DLL Unicode Debug Monolithic|x86.ActiveCfg = DLL Unicode Debug Monolithic|Win32
		{60CDC470-1E9A-4047-8924-D56A48A3A336}.DLL Unicode Debug Monolithic|x86.Build.0 = DLL Unicode Debug Monolithic|Win32
		{60CDC470-1E9A-4047-8924-D56A48A3A336}.DLL Unicode Debug Multilib|x64.ActiveCfg = DLL Unicode Debug Multilib|Win32
		{60CDC470-1E9A-4047-8924-D56A48A3A336}.DLL Unicode Debug Multilib|x86.ActiveCfg = DLL Unicode Debug Multilib|Win32
		{60CDC470-1E9A-4047-8924-D56A48A3A336}.DLL Unicode Debug Multilib|x86.Build.0 = DLL Unicode Debug Multilib|Win32
		{60CDC470-1E9A-4047-8924-D56A48A3A336}.DLL Unicode Release Monolithic|x64.ActiveCfg = DLL Unicode Release Monolithic|Win32
		{60CDC470-1E9A-4047-8924-D56A48A3A336}.DLL Unicode Release Monolithic|x86.ActiveCfg = DLL Unicode Release Monolithic|Win32
		{60CDC470-1E9A-4047-8924-D56A48A3A336}.DLL Unicode Release Monolithic|x86.Build.0 = DLL Unicode Release Monolithic|Win32
		{60CDC470-1E9A-4047-8924-D56A48A3A336}.DLL Unicode Release Multilib|x64.ActiveCfg = DLL Unicode Release Multilib|Win32
		{60CDC470-1E9A-4047-8924-D56A48A3A336}.DLL Unicode Release Multilib|x86.ActiveCfg = DLL Unicode Release Multilib|Win32
		{60CDC470-1E9A-4047-8924-D56A48A3A336}.DLL Unicode Release Multilib|x86.Build.0 = DLL Unicode Release Multilib|Win32
		{60CDC470-1E9A-4047-8924-D56A48A3A336}.Release|x64.ActiveCfg = Static ANSI Release Monolithic|Win32
		{60CDC470-1E9A-4047-8924-D56A48A3A336}.Release|x64.Build.0 = Static ANSI Release Monolithic|Win32
		{60CDC470-1E9A-4047-8924-D56A48A3A336}.Release|x86.ActiveCfg = Static Unicode Debug Multilib|Win32
		{60CDC470-1E9A-4047-8924-D56A48A3A336}.Release|x86.Build.0 = Static Unicode Debug Multilib|Win32
		{60CDC470-1E9A-4047-8924-D56A48A3A336}.Static ANSI Debug Monolithic|x64.ActiveCfg = Static ANSI Debug Monolithic|Win32
		{60CDC470-1E9A-4047-8924-D56A48A3A336}.Static ANSI Debug Monolithic|x86.ActiveCfg = Static ANSI Debug Monolithic|Win32
		{60CDC470-1E9A-4047-8924-D56A48A3A336}.Static ANSI Debug Monolithic|x86.Build.0 = Static ANSI Debug Monolithic|Win32
		{60CDC470-1E9A-4047-8924-D56A48A3A336}.Static ANSI Debug Multilib|x64.ActiveCfg = Static ANSI Debug Multilib|Win32
		{60CDC470-1E9A-4047-8924-D56A48A3A336}.Static ANSI Debug Multilib|x86.ActiveCfg = Static ANSI Debug Multilib|Win32
		{60CDC470-1E9A-4047-8924-D56A48A3A336}.Static ANSI Debug Multilib|x86.Build.0 = Static ANSI Debug Multilib|Win32
		{60CDC470-1E9A-4047-8924-D56A48A3A336}.Static ANSI Release Monolithic|x64.ActiveCfg = Static ANSI Release Monolithic|Win32
		{60CDC470-1E9A-4047-8924-D56A48A3A336}.Static ANSI Release Monolithic|x86.ActiveCfg = Static ANSI Release Monolithic|Win32
		{60CDC470-1E9A-4047-8924-D56A48A3A336}.Static ANSI Release Monolithic|x86.Build.0 = Static ANSI Release Monolithic|Win32
		{60CDC470-1E9A-4047-8924-D56A48A3A336}.Static ANSI Release Multilib|x64.ActiveCfg = Static ANSI Release Multilib|Win32
		{60CDC470-1E9A-4047-8924-D56A48A3A336}.Static ANSI Release Multilib|x86.ActiveCfg = Static ANSI Release Multilib|Win32
		{60CDC470-1E9A-4047-8924-D56A48A3A336}.Static ANSI Release Multilib|x86.Build.0 = Static ANSI Release Multilib|Win32
		{60CDC470-1E9A-4047-8924-D56A48A3A336}.Static Unicode Debug Monolithic|x64.ActiveCfg = Static Unicode Debug Monolithic|Win32
		{60CDC470-1E9A-4047-8924-D56A48A3A336}.Static Unicode Debug Monolithic|x86.ActiveCfg = Static Unicode Debug Monolithic|Win32
		{60CDC470-1E9A-4047-8924-D56A48A3A336}.Static Unicode Debug Monolithic|x86.Build.0 = Static Unicode Debug Monolithic|Win32
		{60CDC470-1E9A-4047-8924-D56A48A3A336}.Static Unicode Debug Multilib|x64.ActiveCfg = Static Unicode Debug Multilib|Win32
		{60CDC470-1E9A-4047-8924-D56A48A3A336}.Static Unicode Debug Multilib|x86.ActiveCfg = Static Unicode Debug Multilib|Win32
		{60CDC470-1E9A-4047-8924-D56A48A3A336}.Static Unicode Debug Multilib|x86.Build.0 = Static Unicode Debug Multilib|Win32
		{60CDC470-1E9A-4047-8924-D56A48A3A336}.Static Unicode Release Monolithic|x64.ActiveCfg = Static Unicode Release Monolithic|Win32
		{60CDC470-1E9A-4047-8924-D56A48A3A336}.Static Unicode Release Monolithic|x86.ActiveCfg = Static Unicode Release Monolithic|Win32
		{60CDC470-1E9A-4047-8924-D56A48A3A336}.Static Unicode Release Monolithic|x86.Build.0 = Static Unicode Release Monolithic|Win32
		{60CDC470-1E9A-4047-8924-D56A48A3A336}.Static Unicode Release Multilib|x64.ActiveCfg = Static Unicode Release Multilib|Win32
		{60CDC470-1E9A-4047-8924-D56A48A3A336}.Static Unicode Release Multilib|x86.ActiveCfg = Static Unicode Release Multilib|Win32
		{60CDC470-1E9A-4047-8924-D56A48A3A336}.Static Unicode Release Multilib|x86.Build.0 = Static Unicode Release Multilib|Win32
	EndGlobalSection
	GlobalSection(SolutionProperties) = preSolution
		HideSolutionNode = FALSE
	EndGlobalSection
EndGlobal
